
Microsoft Visual Studio Solution File, Format Version 12.00
# Visual Studio Version 17
VisualStudioVersion = 17.8.34525.116
MinimumVisualStudioVersion = 10.0.40219.1
Project("{FAE04EC0-301F-11D3-BF4B-00C04F79EFBC}") = "ConsoleAppIMC1203", "ConsoleAppIMC1203\ConsoleAppIMC1203.csproj", "{3B0B0D72-DFC8-4322-A80A-2FB538A8CF6C}"
EndProject
Global
	GlobalSection(SolutionConfigurationPlatforms) = preSolution
		Debug|Any CPU = Debug|Any CPU
		Release|Any CPU = Release|Any CPU
	EndGlobalSection
	GlobalSection(ProjectConfigurationPlatforms) = postSolution
		{3B0B0D72-DFC8-4322-A80A-2FB538A8CF6C}.Debug|Any CPU.ActiveCfg = Debug|Any CPU
		{3B0B0D72-DFC8-4322-A80A-2FB538A8CF6C}.Debug|Any CPU.Build.0 = Debug|Any CPU
		{3B0B0D72-DFC8-4322-A80A-2FB538A8CF6C}.Release|Any CPU.ActiveCfg = Release|Any CPU
		{3B0B0D72-DFC8-4322-A80A-2FB538A8CF6C}.Release|Any CPU.Build.0 = Release|Any CPU
	EndGlobalSection
	GlobalSection(SolutionProperties) = preSolution
		HideSolutionNode = FALSE
	EndGlobalSection
	GlobalSection(ExtensibilityGlobals) = postSolution
		SolutionGuid = {06C5E637-7888-4769-8547-DED2216A6913}
	EndGlobalSection
EndGlobal
